
Microsoft Visual Studio Solution File, Format Version 12.00
# Visual Studio Version 17
VisualStudioVersion = 17.2.32505.173
MinimumVisualStudioVersion = 10.0.40219.1
Project("{9A19103F-16F7-4668-BE54-9A1E7A4F7556}") = "VotingSystemCli", "VotingSystemCli\VotingSystemCli.csproj", "{1EDDA678-58DB-4ABD-851D-365CBC0B1B34}"
EndProject
Project("{FAE04EC0-301F-11D3-BF4B-00C04F79EFBC}") = "VotingSystem.Tests", "VotingSystem.Tests\VotingSystem.Tests.csproj", "{2DAA5BE4-81C1-4BBA-A8DE-394537D7F1E3}"
EndProject
Global
	GlobalSection(SolutionConfigurationPlatforms) = preSolution
		Debug|Any CPU = Debug|Any CPU
		Release|Any CPU = Release|Any CPU
	EndGlobalSection
	GlobalSection(ProjectConfigurationPlatforms) = postSolution
		{1EDDA678-58DB-4ABD-851D-365CBC0B1B34}.Debug|Any CPU.ActiveCfg = Debug|Any CPU
		{1EDDA678-58DB-4ABD-851D-365CBC0B1B34}.Debug|Any CPU.Build.0 = Debug|Any CPU
		{1EDDA678-58DB-4ABD-851D-365CBC0B1B34}.Release|Any CPU.ActiveCfg = Release|Any CPU
		{1EDDA678-58DB-4ABD-851D-365CBC0B1B34}.Release|Any CPU.Build.0 = Release|Any CPU
		{2DAA5BE4-81C1-4BBA-A8DE-394537D7F1E3}.Debug|Any CPU.ActiveCfg = Debug|Any CPU
		{2DAA5BE4-81C1-4BBA-A8DE-394537D7F1E3}.Debug|Any CPU.Build.0 = Debug|Any CPU
		{2DAA5BE4-81C1-4BBA-A8DE-394537D7F1E3}.Release|Any CPU.ActiveCfg = Release|Any CPU
		{2DAA5BE4-81C1-4BBA-A8DE-394537D7F1E3}.Release|Any CPU.Build.0 = Release|Any CPU
	EndGlobalSection
	GlobalSection(SolutionProperties) = preSolution
		HideSolutionNode = FALSE
	EndGlobalSection
	GlobalSection(ExtensibilityGlobals) = postSolution
		SolutionGuid = {DC21CD3C-1D3F-4469-A535-6BF2D10FC8A8}
	EndGlobalSection
EndGlobal
